// !$*UTF8*$!
{
	archiveVersion = 1;
	classes = {
	};
	objectVersion = 46;
	objects = {

/* Begin PBXBuildFile section */
		625525621C4F617D00E529A0 /* YMFramework.framework in Frameworks */ = {isa = PBXBuildFile; fileRef = 625525611C4F617400E529A0 /* YMFramework.framework */; };
		625525631C4F617D00E529A0 /* YMFramework.framework in Embed Frameworks */ = {isa = PBXBuildFile; fileRef = 625525611C4F617400E529A0 /* YMFramework.framework */; settings = {ATTRIBUTES = (CodeSignOnCopy, RemoveHeadersOnCopy, ); }; };
		627AEF031C16C3600085349B /* YMProgress.bundle in Resources */ = {isa = PBXBuildFile; fileRef = 627AEF021C16C3600085349B /* YMProgress.bundle */; };
		628A6B801C04127C00ECEEFD /* main.m in Sources */ = {isa = PBXBuildFile; fileRef = 628A6B7F1C04127C00ECEEFD /* main.m */; };
		628A6B831C04127C00ECEEFD /* AppDelegate.m in Sources */ = {isa = PBXBuildFile; fileRef = 628A6B821C04127C00ECEEFD /* AppDelegate.m */; };
		628A6B861C04127C00ECEEFD /* ViewController.m in Sources */ = {isa = PBXBuildFile; fileRef = 628A6B851C04127C00ECEEFD /* ViewController.m */; };
		628A6B8B1C04127C00ECEEFD /* Assets.xcassets in Resources */ = {isa = PBXBuildFile; fileRef = 628A6B8A1C04127C00ECEEFD /* Assets.xcassets */; };
		628A6B8E1C04127C00ECEEFD /* LaunchScreen.storyboard in Resources */ = {isa = PBXBuildFile; fileRef = 628A6B8C1C04127C00ECEEFD /* LaunchScreen.storyboard */; };
		628F1CE81C4CEA7800FBDE6C /* WeiboSDK.bundle in Resources */ = {isa = PBXBuildFile; fileRef = 628F1CE71C4CEA7800FBDE6C /* WeiboSDK.bundle */; };
		62D2AAD51C32334100A97384 /* TestThreePlatformViewController.m in Sources */ = {isa = PBXBuildFile; fileRef = 62D2AAD41C32334100A97384 /* TestThreePlatformViewController.m */; };
		C1CF9F0D1CCF3886001DD236 /* BaseWebVC.m in Sources */ = {isa = PBXBuildFile; fileRef = C1CF9F0C1CCF3886001DD236 /* BaseWebVC.m */; };
/* End PBXBuildFile section */

/* Begin PBXContainerItemProxy section */
		625525601C4F617400E529A0 /* PBXContainerItemProxy */ = {
			isa = PBXContainerItemProxy;
			containerPortal = 6255255B1C4F617400E529A0 /* YMFramework.xcodeproj */;
			proxyType = 2;
			remoteGlobalIDString = 6215970B1ADB5875003CACA7;
			remoteInfo = YMFramework;
		};
		625525641C4F617D00E529A0 /* PBXContainerItemProxy */ = {
			isa = PBXContainerItemProxy;
			containerPortal = 6255255B1C4F617400E529A0 /* YMFramework.xcodeproj */;
			proxyType = 1;
			remoteGlobalIDString = 6215970A1ADB5875003CACA7;
			remoteInfo = YMFramework;
		};
/* End PBXContainerItemProxy section */

/* Begin PBXCopyFilesBuildPhase section */
		62A198971C4F3E3E00A66C82 /* Embed Frameworks */ = {
			isa = PBXCopyFilesBuildPhase;
			buildActionMask = 2147483647;
			dstPath = "";
			dstSubfolderSpec = 10;
			files = (
				625525631C4F617D00E529A0 /* YMFramework.framework in Embed Frameworks */,
			);
			name = "Embed Frameworks";
			runOnlyForDeploymentPostprocessing = 0;
		};
/* End PBXCopyFilesBuildPhase section */

/* Begin PBXFileReference section */
		6255255B1C4F617400E529A0 /* YMFramework.xcodeproj */ = {isa = PBXFileReference; lastKnownFileType = "wrapper.pb-project"; name = YMFramework.xcodeproj; path = ../../../../src/YMFramework.xcodeproj; sourceTree = "<group>"; };
		627AEF021C16C3600085349B /* YMProgress.bundle */ = {isa = PBXFileReference; lastKnownFileType = "wrapper.plug-in"; path = YMProgress.bundle; sourceTree = "<group>"; };
		628A6B7B1C04127C00ECEEFD /* ExampleForYMFramework.app */ = {isa = PBXFileReference; explicitFileType = wrapper.application; includeInIndex = 0; path = ExampleForYMFramework.app; sourceTree = BUILT_PRODUCTS_DIR; };
		628A6B7F1C04127C00ECEEFD /* main.m */ = {isa = PBXFileReference; lastKnownFileType = sourcecode.c.objc; path = main.m; sourceTree = "<group>"; };
		628A6B811C04127C00ECEEFD /* AppDelegate.h */ = {isa = PBXFileReference; lastKnownFileType = sourcecode.c.h; path = AppDelegate.h; sourceTree = "<group>"; };
		628A6B821C04127C00ECEEFD /* AppDelegate.m */ = {isa = PBXFileReference; lastKnownFileType = sourcecode.c.objc; path = AppDelegate.m; sourceTree = "<group>"; };
		628A6B841C04127C00ECEEFD /* ViewController.h */ = {isa = PBXFileReference; lastKnownFileType = sourcecode.c.h; path = ViewController.h; sourceTree = "<group>"; };
		628A6B851C04127C00ECEEFD /* ViewController.m */ = {isa = PBXFileReference; lastKnownFileType = sourcecode.c.objc; path = ViewController.m; sourceTree = "<group>"; };
		628A6B8A1C04127C00ECEEFD /* Assets.xcassets */ = {isa = PBXFileReference; lastKnownFileType = folder.assetcatalog; path = Assets.xcassets; sourceTree = "<group>"; };
		628A6B8D1C04127C00ECEEFD /* Base */ = {isa = PBXFileReference; lastKnownFileType = file.storyboard; name = Base; path = Base.lproj/LaunchScreen.storyboard; sourceTree = "<group>"; };
		628A6B8F1C04127C00ECEEFD /* Info.plist */ = {isa = PBXFileReference; lastKnownFileType = text.plist.xml; path = Info.plist; sourceTree = "<group>"; };
		628A6B981C04127C00ECEEFD /* ExampleForYMFrameworkTests.m */ = {isa = PBXFileReference; lastKnownFileType = sourcecode.c.objc; path = ExampleForYMFrameworkTests.m; sourceTree = "<group>"; };
		628A6B9A1C04127C00ECEEFD /* Info.plist */ = {isa = PBXFileReference; lastKnownFileType = text.plist.xml; path = Info.plist; sourceTree = "<group>"; };
		628F1CE71C4CEA7800FBDE6C /* WeiboSDK.bundle */ = {isa = PBXFileReference; lastKnownFileType = "wrapper.plug-in"; path = WeiboSDK.bundle; sourceTree = "<group>"; };
		62D2AAD31C32334100A97384 /* TestThreePlatformViewController.h */ = {isa = PBXFileReference; fileEncoding = 4; lastKnownFileType = sourcecode.c.h; path = TestThreePlatformViewController.h; sourceTree = "<group>"; };
		62D2AAD41C32334100A97384 /* TestThreePlatformViewController.m */ = {isa = PBXFileReference; fileEncoding = 4; lastKnownFileType = sourcecode.c.objc; path = TestThreePlatformViewController.m; sourceTree = "<group>"; };
		C1CF9F0B1CCF3886001DD236 /* BaseWebVC.h */ = {isa = PBXFileReference; fileEncoding = 4; lastKnownFileType = sourcecode.c.h; path = BaseWebVC.h; sourceTree = "<group>"; };
		C1CF9F0C1CCF3886001DD236 /* BaseWebVC.m */ = {isa = PBXFileReference; fileEncoding = 4; lastKnownFileType = sourcecode.c.objc; path = BaseWebVC.m; sourceTree = "<group>"; };
/* End PBXFileReference section */

/* Begin PBXFrameworksBuildPhase section */
		628A6B781C04127C00ECEEFD /* Frameworks */ = {
			isa = PBXFrameworksBuildPhase;
			buildActionMask = 2147483647;
			files = (
				625525621C4F617D00E529A0 /* YMFramework.framework in Frameworks */,
			);
			runOnlyForDeploymentPostprocessing = 0;
		};
/* End PBXFrameworksBuildPhase section */

/* Begin PBXGroup section */
		6255255C1C4F617400E529A0 /* Products */ = {
			isa = PBXGroup;
			children = (
				625525611C4F617400E529A0 /* YMFramework.framework */,
			);
			name = Products;
			sourceTree = "<group>";
		};
		628A6B721C04127C00ECEEFD = {
			isa = PBXGroup;
			children = (
				628A6B7D1C04127C00ECEEFD /* ExampleForYMFramework */,
				628A6B971C04127C00ECEEFD /* ExampleForYMFrameworkTests */,
				628A6B7C1C04127C00ECEEFD /* Products */,
			);
			sourceTree = "<group>";
		};
		628A6B7C1C04127C00ECEEFD /* Products */ = {
			isa = PBXGroup;
			children = (
				628A6B7B1C04127C00ECEEFD /* ExampleForYMFramework.app */,
			);
			name = Products;
			sourceTree = "<group>";
		};
		628A6B7D1C04127C00ECEEFD /* ExampleForYMFramework */ = {
			isa = PBXGroup;
			children = (
				62CCFC591C0432FA00E1AE5F /* Framework */,
				628A6BA31C0412FD00ECEEFD /* YMFramework */,
				628A6B811C04127C00ECEEFD /* AppDelegate.h */,
				628A6B821C04127C00ECEEFD /* AppDelegate.m */,
				628A6B841C04127C00ECEEFD /* ViewController.h */,
				628A6B851C04127C00ECEEFD /* ViewController.m */,
				62D2AAD31C32334100A97384 /* TestThreePlatformViewController.h */,
				62D2AAD41C32334100A97384 /* TestThreePlatformViewController.m */,
				C1CF9F0B1CCF3886001DD236 /* BaseWebVC.h */,
				C1CF9F0C1CCF3886001DD236 /* BaseWebVC.m */,
				628A6B8A1C04127C00ECEEFD /* Assets.xcassets */,
				628A6B8C1C04127C00ECEEFD /* LaunchScreen.storyboard */,
				628A6B8F1C04127C00ECEEFD /* Info.plist */,
				628A6B7E1C04127C00ECEEFD /* Supporting Files */,
			);
			path = ExampleForYMFramework;
			sourceTree = "<group>";
		};
		628A6B7E1C04127C00ECEEFD /* Supporting Files */ = {
			isa = PBXGroup;
			children = (
				628A6B7F1C04127C00ECEEFD /* main.m */,
			);
			name = "Supporting Files";
			sourceTree = "<group>";
		};
		628A6B971C04127C00ECEEFD /* ExampleForYMFrameworkTests */ = {
			isa = PBXGroup;
			children = (
				628A6B981C04127C00ECEEFD /* ExampleForYMFrameworkTests.m */,
				628A6B9A1C04127C00ECEEFD /* Info.plist */,
			);
			path = ExampleForYMFrameworkTests;
			sourceTree = "<group>";
		};
		628A6BA31C0412FD00ECEEFD /* YMFramework */ = {
			isa = PBXGroup;
			children = (
				6255255B1C4F617400E529A0 /* YMFramework.xcodeproj */,
				628F1CE71C4CEA7800FBDE6C /* WeiboSDK.bundle */,
				627AEF021C16C3600085349B /* YMProgress.bundle */,
			);
			path = YMFramework;
			sourceTree = "<group>";
		};
		62CCFC591C0432FA00E1AE5F /* Framework */ = {
			isa = PBXGroup;
			children = (
			);
			name = Framework;
			path = ..;
			sourceTree = "<group>";
		};
/* End PBXGroup section */

/* Begin PBXNativeTarget section */
		628A6B7A1C04127C00ECEEFD /* ExampleForYMFramework */ = {
			isa = PBXNativeTarget;
			buildConfigurationList = 628A6B9D1C04127C00ECEEFD /* Build configuration list for PBXNativeTarget "ExampleForYMFramework" */;
			buildPhases = (
				628A6B771C04127C00ECEEFD /* Sources */,
				628A6B791C04127C00ECEEFD /* Resources */,
				628A6B781C04127C00ECEEFD /* Frameworks */,
				62A198971C4F3E3E00A66C82 /* Embed Frameworks */,
			);
			buildRules = (
			);
			dependencies = (
				625525651C4F617D00E529A0 /* PBXTargetDependency */,
			);
			name = ExampleForYMFramework;
			productName = ExampleForYMFramework;
			productReference = 628A6B7B1C04127C00ECEEFD /* ExampleForYMFramework.app */;
			productType = "com.apple.product-type.application";
		};
/* End PBXNativeTarget section */

/* Begin PBXProject section */
		628A6B731C04127C00ECEEFD /* Project object */ = {
			isa = PBXProject;
			attributes = {
				LastUpgradeCheck = 0710;
				ORGANIZATIONNAME = yumi;
				TargetAttributes = {
					628A6B7A1C04127C00ECEEFD = {
						CreatedOnToolsVersion = 7.1;
						DevelopmentTeam = 3R6UTCFNFX;
					};
				};
			};
			buildConfigurationList = 628A6B761C04127C00ECEEFD /* Build configuration list for PBXProject "ExampleForYMFramework" */;
			compatibilityVersion = "Xcode 3.2";
			developmentRegion = English;
			hasScannedForEncodings = 0;
			knownRegions = (
				en,
				Base,
			);
			mainGroup = 628A6B721C04127C00ECEEFD;
			productRefGroup = 628A6B7C1C04127C00ECEEFD /* Products */;
			projectDirPath = "";
			projectReferences = (
				{
					ProductGroup = 6255255C1C4F617400E529A0 /* Products */;
					ProjectRef = 6255255B1C4F617400E529A0 /* YMFramework.xcodeproj */;
				},
			);
			projectRoot = "";
			targets = (
				628A6B7A1C04127C00ECEEFD /* ExampleForYMFramework */,
			);
		};
/* End PBXProject section */

/* Begin PBXReferenceProxy section */
		625525611C4F617400E529A0 /* YMFramework.framework */ = {
			isa = PBXReferenceProxy;
			fileType = wrapper.framework;
			path = YMFramework.framework;
			remoteRef = 625525601C4F617400E529A0 /* PBXContainerItemProxy */;
			sourceTree = BUILT_PRODUCTS_DIR;
		};
/* End PBXReferenceProxy section */

/* Begin PBXResourcesBuildPhase section */
		628A6B791C04127C00ECEEFD /* Resources */ = {
			isa = PBXResourcesBuildPhase;
			buildActionMask = 2147483647;
			files = (
				627AEF031C16C3600085349B /* YMProgress.bundle in Resources */,
				628F1CE81C4CEA7800FBDE6C /* WeiboSDK.bundle in Resources */,
				628A6B8E1C04127C00ECEEFD /* LaunchScreen.storyboard in Resources */,
				628A6B8B1C04127C00ECEEFD /* Assets.xcassets in Resources */,
			);
			runOnlyForDeploymentPostprocessing = 0;
		};
/* End PBXResourcesBuildPhase section */

/* Begin PBXSourcesBuildPhase section */
		628A6B771C04127C00ECEEFD /* Sources */ = {
			isa = PBXSourcesBuildPhase;
			buildActionMask = 2147483647;
			files = (
				62D2AAD51C32334100A97384 /* TestThreePlatformViewController.m in Sources */,
				628A6B861C04127C00ECEEFD /* ViewController.m in Sources */,
				628A6B831C04127C00ECEEFD /* AppDelegate.m in Sources */,
				628A6B801C04127C00ECEEFD /* main.m in Sources */,
				C1CF9F0D1CCF3886001DD236 /* BaseWebVC.m in Sources */,
			);
			runOnlyForDeploymentPostprocessing = 0;
		};
/* End PBXSourcesBuildPhase section */

/* Begin PBXTargetDependency section */
		625525651C4F617D00E529A0 /* PBXTargetDependency */ = {
			isa = PBXTargetDependency;
			name = YMFramework;
			targetProxy = 625525641C4F617D00E529A0 /* PBXContainerItemProxy */;
		};
/* End PBXTargetDependency section */

/* Begin PBXVariantGroup section */
		628A6B8C1C04127C00ECEEFD /* LaunchScreen.storyboard */ = {
			isa = PBXVariantGroup;
			children = (
				628A6B8D1C04127C00ECEEFD /* Base */,
			);
			name = LaunchScreen.storyboard;
			sourceTree = "<group>";
		};
/* End PBXVariantGroup section */

/* Begin XCBuildConfiguration section */
		628A6B9B1C04127C00ECEEFD /* Debug */ = {
			isa = XCBuildConfiguration;
			buildSettings = {
				ALWAYS_SEARCH_USER_PATHS = NO;
				CLANG_CXX_LANGUAGE_STANDARD = "gnu++0x";
				CLANG_CXX_LIBRARY = "libc++";
				CLANG_ENABLE_MODULES = YES;
				CLANG_ENABLE_OBJC_ARC = YES;
				CLANG_WARN_BOOL_CONVERSION = YES;
				CLANG_WARN_CONSTANT_CONVERSION = YES;
				CLANG_WARN_DIRECT_OBJC_ISA_USAGE = YES_ERROR;
				CLANG_WARN_EMPTY_BODY = YES;
				CLANG_WARN_ENUM_CONVERSION = YES;
				CLANG_WARN_INT_CONVERSION = YES;
				CLANG_WARN_OBJC_ROOT_CLASS = YES_ERROR;
				CLANG_WARN_UNREACHABLE_CODE = YES;
				CLANG_WARN__DUPLICATE_METHOD_MATCH = YES;
				"CODE_SIGN_IDENTITY[sdk=iphoneos*]" = "iPhone Developer";
				COPY_PHASE_STRIP = NO;
				DEBUG_INFORMATION_FORMAT = dwarf;
				ENABLE_BITCODE = YES;
				ENABLE_STRICT_OBJC_MSGSEND = YES;
				ENABLE_TESTABILITY = YES;
				GCC_C_LANGUAGE_STANDARD = gnu99;
				GCC_DYNAMIC_NO_PIC = NO;
				GCC_NO_COMMON_BLOCKS = YES;
				GCC_OPTIMIZATION_LEVEL = 0;
				GCC_PREPROCESSOR_DEFINITIONS = (
					"DEBUG=1",
					"$(inherited)",
				);
				GCC_WARN_64_TO_32_BIT_CONVERSION = YES;
				GCC_WARN_ABOUT_RETURN_TYPE = YES_ERROR;
				GCC_WARN_UNDECLARED_SELECTOR = YES;
				GCC_WARN_UNINITIALIZED_AUTOS = YES_AGGRESSIVE;
				GCC_WARN_UNUSED_FUNCTION = YES;
				GCC_WARN_UNUSED_VARIABLE = YES;
				IPHONEOS_DEPLOYMENT_TARGET = 8.0;
				MTL_ENABLE_DEBUG_INFO = YES;
				ONLY_ACTIVE_ARCH = YES;
				OTHER_LDFLAGS = "";
				SDKROOT = iphoneos;
			};
			name = Debug;
		};
		628A6B9C1C04127C00ECEEFD /* Release */ = {
			isa = XCBuildConfiguration;
			buildSettings = {
				ALWAYS_SEARCH_USER_PATHS = NO;
				CLANG_CXX_LANGUAGE_STANDARD = "gnu++0x";
				CLANG_CXX_LIBRARY = "libc++";
				CLANG_ENABLE_MODULES = YES;
				CLANG_ENABLE_OBJC_ARC = YES;
				CLANG_WARN_BOOL_CONVERSION = YES;
				CLANG_WARN_CONSTANT_CONVERSION = YES;
				CLANG_WARN_DIRECT_OBJC_ISA_USAGE = YES_ERROR;
				CLANG_WARN_EMPTY_BODY = YES;
				CLANG_WARN_ENUM_CONVERSION = YES;
				CLANG_WARN_INT_CONVERSION = YES;
				CLANG_WARN_OBJC_ROOT_CLASS = YES_ERROR;
				CLANG_WARN_UNREACHABLE_CODE = YES;
				CLANG_WARN__DUPLICATE_METHOD_MATCH = YES;
				"CODE_SIGN_IDENTITY[sdk=iphoneos*]" = "iPhone Developer";
				COPY_PHASE_STRIP = NO;
				DEBUG_INFORMATION_FORMAT = "dwarf-with-dsym";
				ENABLE_BITCODE = YES;
				ENABLE_NS_ASSERTIONS = NO;
				ENABLE_STRICT_OBJC_MSGSEND = YES;
				GCC_C_LANGUAGE_STANDARD = gnu99;
				GCC_NO_COMMON_BLOCKS = YES;
				GCC_WARN_64_TO_32_BIT_CONVERSION = YES;
				GCC_WARN_ABOUT_RETURN_TYPE = YES_ERROR;
				GCC_WARN_UNDECLARED_SELECTOR = YES;
				GCC_WARN_UNINITIALIZED_AUTOS = YES_AGGRESSIVE;
				GCC_WARN_UNUSED_FUNCTION = YES;
				GCC_WARN_UNUSED_VARIABLE = YES;
				IPHONEOS_DEPLOYMENT_TARGET = 8.0;
				MTL_ENABLE_DEBUG_INFO = NO;
				OTHER_LDFLAGS = "";
				SDKROOT = iphoneos;
				VALIDATE_PRODUCT = YES;
			};
			name = Release;
		};
		628A6B9E1C04127C00ECEEFD /* Debug */ = {
			isa = XCBuildConfiguration;
			buildSettings = {
				ASSETCATALOG_COMPILER_APPICON_NAME = AppIcon;
				CODE_SIGN_IDENTITY = "iPhone Developer";
				ENABLE_BITCODE = YES;
				FRAMEWORK_SEARCH_PATHS = (
					"$(inherited)",
					"$(PROJECT_DIR)/ExampleForYMFramework/YMFramework/ShareSDK/extends/QQSDK",
					"$(PROJECT_DIR)/ExampleForYMFramework/YMFramework/ShareSDK",
					"$(PROJECT_DIR)/ExampleForYMFramework/YMFramework",
				);
				GCC_PREPROCESSOR_DEFINITIONS = "DEBUG=1";
				INFOPLIST_FILE = ExampleForYMFramework/Info.plist;
				LD_RUNPATH_SEARCH_PATHS = "$(inherited) @executable_path/Frameworks";
				OTHER_LDFLAGS = "";
				PRODUCT_BUNDLE_IDENTIFIER = dev.com.cornapp.YMGoodLuck;
				PRODUCT_NAME = "$(TARGET_NAME)";
				PROVISIONING_PROFILE = "606a991b-063e-464c-85e4-ff5563e48b07";
			};
			name = Debug;
		};
		628A6B9F1C04127C00ECEEFD /* Release */ = {
			isa = XCBuildConfiguration;
			buildSettings = {
				ASSETCATALOG_COMPILER_APPICON_NAME = AppIcon;
				CODE_SIGN_IDENTITY = "iPhone Developer";
				ENABLE_BITCODE = YES;
				FRAMEWORK_SEARCH_PATHS = (
					"$(inherited)",
					"$(PROJECT_DIR)/ExampleForYMFramework/YMFramework/ShareSDK/extends/QQSDK",
					"$(PROJECT_DIR)/ExampleForYMFramework/YMFramework/ShareSDK",
					"$(PROJECT_DIR)/ExampleForYMFramework/YMFramework",
				);
				GCC_PREPROCESSOR_DEFINITIONS = "";
				INFOPLIST_FILE = ExampleForYMFramework/Info.plist;
				LD_RUNPATH_SEARCH_PATHS = "$(inherited) @executable_path/Frameworks";
				OTHER_LDFLAGS = "";
				PRODUCT_BUNDLE_IDENTIFIER = dev.com.cornapp.YMGoodLuck;
				PRODUCT_NAME = "$(TARGET_NAME)";
				PROVISIONING_PROFILE = "606a991b-063e-464c-85e4-ff5563e48b07";
			};
			name = Release;
		};
/* End XCBuildConfiguration section */

/* Begin XCConfigurationList section */
		628A6B761C04127C00ECEEFD /* Build configuration list for PBXProject "ExampleForYMFramework" */ = {
			isa = XCConfigurationList;
			buildConfigurations = (
				628A6B9B1C04127C00ECEEFD /* Debug */,
				628A6B9C1C04127C00ECEEFD /* Release */,
			);
			defaultConfigurationIsVisible = 0;
			defaultConfigurationName = Release;
		};
		628A6B9D1C04127C00ECEEFD /* Build configuration list for PBXNativeTarget "ExampleForYMFramework" */ = {
			isa = XCConfigurationList;
			buildConfigurations = (
				628A6B9E1C04127C00ECEEFD /* Debug */,
				628A6B9F1C04127C00ECEEFD /* Release */,
			);
			defaultConfigurationIsVisible = 0;
			defaultConfigurationName = Release;
		};
/* End XCConfigurationList section */
	};
	rootObject = 628A6B731C04127C00ECEEFD /* Project object */;
}
