// !$*UTF8*$!
{
	archiveVersion = 1;
	classes = {
	};
	objectVersion = 46;
	objects = {

/* Begin PBXBuildFile section */
		62A7AD181C02C72B0091C2E4 /* main.m in Sources */ = {isa = PBXBuildFile; fileRef = 62A7AD171C02C72B0091C2E4 /* main.m */; };
		62A7AD1B1C02C72B0091C2E4 /* AppDelegate.m in Sources */ = {isa = PBXBuildFile; fileRef = 62A7AD1A1C02C72B0091C2E4 /* AppDelegate.m */; };
		62A7AD1E1C02C72B0091C2E4 /* ViewController.m in Sources */ = {isa = PBXBuildFile; fileRef = 62A7AD1D1C02C72B0091C2E4 /* ViewController.m */; };
		62A7AD211C02C72B0091C2E4 /* Main.storyboard in Resources */ = {isa = PBXBuildFile; fileRef = 62A7AD1F1C02C72B0091C2E4 /* Main.storyboard */; };
		62A7AD231C02C72B0091C2E4 /* Assets.xcassets in Resources */ = {isa = PBXBuildFile; fileRef = 62A7AD221C02C72B0091C2E4 /* Assets.xcassets */; };
		62A7AD261C02C72B0091C2E4 /* LaunchScreen.storyboard in Resources */ = {isa = PBXBuildFile; fileRef = 62A7AD241C02C72B0091C2E4 /* LaunchScreen.storyboard */; };
		62A7AD311C02C72B0091C2E4 /* ExampleForYMCodeStandardTests.m in Sources */ = {isa = PBXBuildFile; fileRef = 62A7AD301C02C72B0091C2E4 /* ExampleForYMCodeStandardTests.m */; };
		62D446611C03066E00652A2D /* CFNetwork.framework in Frameworks */ = {isa = PBXBuildFile; fileRef = 62D446601C03066E00652A2D /* CFNetwork.framework */; };
		62D446631C03067400652A2D /* CoreFoundation.framework in Frameworks */ = {isa = PBXBuildFile; fileRef = 62D446621C03067400652A2D /* CoreFoundation.framework */; };
		62D446661C03069500652A2D /* CoreTelephony.framework in Frameworks */ = {isa = PBXBuildFile; fileRef = 62D446651C03069500652A2D /* CoreTelephony.framework */; };
		62D446681C03069C00652A2D /* SystemConfiguration.framework in Frameworks */ = {isa = PBXBuildFile; fileRef = 62D446671C03069C00652A2D /* SystemConfiguration.framework */; };
		62D4466A1C0306A400652A2D /* CoreGraphics.framework in Frameworks */ = {isa = PBXBuildFile; fileRef = 62D446691C0306A400652A2D /* CoreGraphics.framework */; };
		62D4466C1C0306B800652A2D /* Security.framework in Frameworks */ = {isa = PBXBuildFile; fileRef = 62D4466B1C0306B800652A2D /* Security.framework */; };
		62D4466E1C0306E000652A2D /* libz.tbd in Frameworks */ = {isa = PBXBuildFile; fileRef = 62D4466D1C0306E000652A2D /* libz.tbd */; };
		62D446701C03073400652A2D /* QuartzCore.framework in Frameworks */ = {isa = PBXBuildFile; fileRef = 62D4466F1C03073400652A2D /* QuartzCore.framework */; };
		62D446721C03073A00652A2D /* ImageIO.framework in Frameworks */ = {isa = PBXBuildFile; fileRef = 62D446711C03073A00652A2D /* ImageIO.framework */; };
		62D446741C03074200652A2D /* AVFoundation.framework in Frameworks */ = {isa = PBXBuildFile; fileRef = 62D446731C03074200652A2D /* AVFoundation.framework */; };
		62D446761C03075100652A2D /* CoreLocation.framework in Frameworks */ = {isa = PBXBuildFile; fileRef = 62D446751C03075100652A2D /* CoreLocation.framework */; };
		62D446781C03076000652A2D /* libicucore.tbd in Frameworks */ = {isa = PBXBuildFile; fileRef = 62D446771C03076000652A2D /* libicucore.tbd */; };
		62D4467A1C03076D00652A2D /* libstdc++.tbd in Frameworks */ = {isa = PBXBuildFile; fileRef = 62D446791C03076D00652A2D /* libstdc++.tbd */; };
		62D4467C1C03077F00652A2D /* libsqlite3.tbd in Frameworks */ = {isa = PBXBuildFile; fileRef = 62D4467B1C03077F00652A2D /* libsqlite3.tbd */; };
		62D446871C03086D00652A2D /* PushConfig.plist in Resources */ = {isa = PBXBuildFile; fileRef = 62D4467E1C03086D00652A2D /* PushConfig.plist */; };
		62D446881C03086D00652A2D /* TencentOpenAPI.framework in Frameworks */ = {isa = PBXBuildFile; fileRef = 62D446821C03086D00652A2D /* TencentOpenAPI.framework */; };
		62D446891C03086D00652A2D /* MOBFoundation.framework in Frameworks */ = {isa = PBXBuildFile; fileRef = 62D446831C03086D00652A2D /* MOBFoundation.framework */; };
		62D4468A1C03086D00652A2D /* ShareSDK.bundle in Resources */ = {isa = PBXBuildFile; fileRef = 62D446841C03086D00652A2D /* ShareSDK.bundle */; };
		62D4468B1C03086D00652A2D /* ShareSDK.framework in Frameworks */ = {isa = PBXBuildFile; fileRef = 62D446851C03086D00652A2D /* ShareSDK.framework */; };
		62D4468C1C03086D00652A2D /* ShareSDKConnector.framework in Frameworks */ = {isa = PBXBuildFile; fileRef = 62D446861C03086D00652A2D /* ShareSDKConnector.framework */; };
		62D446981C030B7300652A2D /* YMFramework.framework in Frameworks */ = {isa = PBXBuildFile; fileRef = 62D446941C03087F00652A2D /* YMFramework.framework */; };
/* End PBXBuildFile section */

/* Begin PBXContainerItemProxy section */
		62A7AD2D1C02C72B0091C2E4 /* PBXContainerItemProxy */ = {
			isa = PBXContainerItemProxy;
			containerPortal = 62A7AD0B1C02C72B0091C2E4 /* Project object */;
			proxyType = 1;
			remoteGlobalIDString = 62A7AD121C02C72B0091C2E4;
			remoteInfo = ExampleForYMCodeStandard;
		};
		62D446931C03087F00652A2D /* PBXContainerItemProxy */ = {
			isa = PBXContainerItemProxy;
			containerPortal = 62D4468D1C03087F00652A2D /* YMFramework.xcodeproj */;
			proxyType = 2;
			remoteGlobalIDString = 6215970B1ADB5875003CACA7;
			remoteInfo = YMFramework;
		};
		62D446951C03087F00652A2D /* PBXContainerItemProxy */ = {
			isa = PBXContainerItemProxy;
			containerPortal = 62D4468D1C03087F00652A2D /* YMFramework.xcodeproj */;
			proxyType = 2;
			remoteGlobalIDString = 621597161ADB5875003CACA7;
			remoteInfo = YMFrameworkTests;
		};
/* End PBXContainerItemProxy section */

/* Begin PBXFileReference section */
		62A7AD131C02C72B0091C2E4 /* ExampleForYMCodeStandard.app */ = {isa = PBXFileReference; explicitFileType = wrapper.application; includeInIndex = 0; path = ExampleForYMCodeStandard.app; sourceTree = BUILT_PRODUCTS_DIR; };
		62A7AD171C02C72B0091C2E4 /* main.m */ = {isa = PBXFileReference; lastKnownFileType = sourcecode.c.objc; path = main.m; sourceTree = "<group>"; };
		62A7AD191C02C72B0091C2E4 /* AppDelegate.h */ = {isa = PBXFileReference; lastKnownFileType = sourcecode.c.h; path = AppDelegate.h; sourceTree = "<group>"; };
		62A7AD1A1C02C72B0091C2E4 /* AppDelegate.m */ = {isa = PBXFileReference; lastKnownFileType = sourcecode.c.objc; path = AppDelegate.m; sourceTree = "<group>"; };
		62A7AD1C1C02C72B0091C2E4 /* ViewController.h */ = {isa = PBXFileReference; lastKnownFileType = sourcecode.c.h; path = ViewController.h; sourceTree = "<group>"; };
		62A7AD1D1C02C72B0091C2E4 /* ViewController.m */ = {isa = PBXFileReference; lastKnownFileType = sourcecode.c.objc; path = ViewController.m; sourceTree = "<group>"; };
		62A7AD201C02C72B0091C2E4 /* Base */ = {isa = PBXFileReference; lastKnownFileType = file.storyboard; name = Base; path = Base.lproj/Main.storyboard; sourceTree = "<group>"; };
		62A7AD221C02C72B0091C2E4 /* Assets.xcassets */ = {isa = PBXFileReference; lastKnownFileType = folder.assetcatalog; path = Assets.xcassets; sourceTree = "<group>"; };
		62A7AD251C02C72B0091C2E4 /* Base */ = {isa = PBXFileReference; lastKnownFileType = file.storyboard; name = Base; path = Base.lproj/LaunchScreen.storyboard; sourceTree = "<group>"; };
		62A7AD271C02C72B0091C2E4 /* Info.plist */ = {isa = PBXFileReference; lastKnownFileType = text.plist.xml; path = Info.plist; sourceTree = "<group>"; };
		62A7AD2C1C02C72B0091C2E4 /* ExampleForYMCodeStandardTests.xctest */ = {isa = PBXFileReference; explicitFileType = wrapper.cfbundle; includeInIndex = 0; path = ExampleForYMCodeStandardTests.xctest; sourceTree = BUILT_PRODUCTS_DIR; };
		62A7AD301C02C72B0091C2E4 /* ExampleForYMCodeStandardTests.m */ = {isa = PBXFileReference; lastKnownFileType = sourcecode.c.objc; path = ExampleForYMCodeStandardTests.m; sourceTree = "<group>"; };
		62A7AD321C02C72B0091C2E4 /* Info.plist */ = {isa = PBXFileReference; lastKnownFileType = text.plist.xml; path = Info.plist; sourceTree = "<group>"; };
		62D446601C03066E00652A2D /* CFNetwork.framework */ = {isa = PBXFileReference; lastKnownFileType = wrapper.framework; name = CFNetwork.framework; path = System/Library/Frameworks/CFNetwork.framework; sourceTree = SDKROOT; };
		62D446621C03067400652A2D /* CoreFoundation.framework */ = {isa = PBXFileReference; lastKnownFileType = wrapper.framework; name = CoreFoundation.framework; path = System/Library/Frameworks/CoreFoundation.framework; sourceTree = SDKROOT; };
		62D446651C03069500652A2D /* CoreTelephony.framework */ = {isa = PBXFileReference; lastKnownFileType = wrapper.framework; name = CoreTelephony.framework; path = System/Library/Frameworks/CoreTelephony.framework; sourceTree = SDKROOT; };
		62D446671C03069C00652A2D /* SystemConfiguration.framework */ = {isa = PBXFileReference; lastKnownFileType = wrapper.framework; name = SystemConfiguration.framework; path = System/Library/Frameworks/SystemConfiguration.framework; sourceTree = SDKROOT; };
		62D446691C0306A400652A2D /* CoreGraphics.framework */ = {isa = PBXFileReference; lastKnownFileType = wrapper.framework; name = CoreGraphics.framework; path = System/Library/Frameworks/CoreGraphics.framework; sourceTree = SDKROOT; };
		62D4466B1C0306B800652A2D /* Security.framework */ = {isa = PBXFileReference; lastKnownFileType = wrapper.framework; name = Security.framework; path = System/Library/Frameworks/Security.framework; sourceTree = SDKROOT; };
		62D4466D1C0306E000652A2D /* libz.tbd */ = {isa = PBXFileReference; lastKnownFileType = "sourcecode.text-based-dylib-definition"; name = libz.tbd; path = usr/lib/libz.tbd; sourceTree = SDKROOT; };
		62D4466F1C03073400652A2D /* QuartzCore.framework */ = {isa = PBXFileReference; lastKnownFileType = wrapper.framework; name = QuartzCore.framework; path = System/Library/Frameworks/QuartzCore.framework; sourceTree = SDKROOT; };
		62D446711C03073A00652A2D /* ImageIO.framework */ = {isa = PBXFileReference; lastKnownFileType = wrapper.framework; name = ImageIO.framework; path = System/Library/Frameworks/ImageIO.framework; sourceTree = SDKROOT; };
		62D446731C03074200652A2D /* AVFoundation.framework */ = {isa = PBXFileReference; lastKnownFileType = wrapper.framework; name = AVFoundation.framework; path = System/Library/Frameworks/AVFoundation.framework; sourceTree = SDKROOT; };
		62D446751C03075100652A2D /* CoreLocation.framework */ = {isa = PBXFileReference; lastKnownFileType = wrapper.framework; name = CoreLocation.framework; path = System/Library/Frameworks/CoreLocation.framework; sourceTree = SDKROOT; };
		62D446771C03076000652A2D /* libicucore.tbd */ = {isa = PBXFileReference; lastKnownFileType = "sourcecode.text-based-dylib-definition"; name = libicucore.tbd; path = usr/lib/libicucore.tbd; sourceTree = SDKROOT; };
		62D446791C03076D00652A2D /* libstdc++.tbd */ = {isa = PBXFileReference; lastKnownFileType = "sourcecode.text-based-dylib-definition"; name = "libstdc++.tbd"; path = "usr/lib/libstdc++.tbd"; sourceTree = SDKROOT; };
		62D4467B1C03077F00652A2D /* libsqlite3.tbd */ = {isa = PBXFileReference; lastKnownFileType = "sourcecode.text-based-dylib-definition"; name = libsqlite3.tbd; path = usr/lib/libsqlite3.tbd; sourceTree = SDKROOT; };
		62D4467E1C03086D00652A2D /* PushConfig.plist */ = {isa = PBXFileReference; fileEncoding = 4; lastKnownFileType = text.plist.xml; path = PushConfig.plist; sourceTree = "<group>"; };
		62D446821C03086D00652A2D /* TencentOpenAPI.framework */ = {isa = PBXFileReference; lastKnownFileType = wrapper.framework; path = TencentOpenAPI.framework; sourceTree = "<group>"; };
		62D446831C03086D00652A2D /* MOBFoundation.framework */ = {isa = PBXFileReference; lastKnownFileType = wrapper.framework; path = MOBFoundation.framework; sourceTree = "<group>"; };
		62D446841C03086D00652A2D /* ShareSDK.bundle */ = {isa = PBXFileReference; lastKnownFileType = "wrapper.plug-in"; path = ShareSDK.bundle; sourceTree = "<group>"; };
		62D446851C03086D00652A2D /* ShareSDK.framework */ = {isa = PBXFileReference; lastKnownFileType = wrapper.framework; path = ShareSDK.framework; sourceTree = "<group>"; };
		62D446861C03086D00652A2D /* ShareSDKConnector.framework */ = {isa = PBXFileReference; lastKnownFileType = wrapper.framework; path = ShareSDKConnector.framework; sourceTree = "<group>"; };
		62D4468D1C03087F00652A2D /* YMFramework.xcodeproj */ = {isa = PBXFileReference; lastKnownFileType = "wrapper.pb-project"; name = YMFramework.xcodeproj; path = ../../../../src/YMFramework.xcodeproj; sourceTree = "<group>"; };
/* End PBXFileReference section */

/* Begin PBXFrameworksBuildPhase section */
		62A7AD101C02C72B0091C2E4 /* Frameworks */ = {
			isa = PBXFrameworksBuildPhase;
			buildActionMask = 2147483647;
			files = (
				62D446981C030B7300652A2D /* YMFramework.framework in Frameworks */,
				62D4467C1C03077F00652A2D /* libsqlite3.tbd in Frameworks */,
				62D446881C03086D00652A2D /* TencentOpenAPI.framework in Frameworks */,
				62D4467A1C03076D00652A2D /* libstdc++.tbd in Frameworks */,
				62D446781C03076000652A2D /* libicucore.tbd in Frameworks */,
				62D4468C1C03086D00652A2D /* ShareSDKConnector.framework in Frameworks */,
				62D446761C03075100652A2D /* CoreLocation.framework in Frameworks */,
				62D446741C03074200652A2D /* AVFoundation.framework in Frameworks */,
				62D446721C03073A00652A2D /* ImageIO.framework in Frameworks */,
				62D446701C03073400652A2D /* QuartzCore.framework in Frameworks */,
				62D4466E1C0306E000652A2D /* libz.tbd in Frameworks */,
				62D4466C1C0306B800652A2D /* Security.framework in Frameworks */,
				62D4466A1C0306A400652A2D /* CoreGraphics.framework in Frameworks */,
				62D446681C03069C00652A2D /* SystemConfiguration.framework in Frameworks */,
				62D446661C03069500652A2D /* CoreTelephony.framework in Frameworks */,
				62D446631C03067400652A2D /* CoreFoundation.framework in Frameworks */,
				62D446611C03066E00652A2D /* CFNetwork.framework in Frameworks */,
				62D4468B1C03086D00652A2D /* ShareSDK.framework in Frameworks */,
				62D446891C03086D00652A2D /* MOBFoundation.framework in Frameworks */,
			);
			runOnlyForDeploymentPostprocessing = 0;
		};
		62A7AD291C02C72B0091C2E4 /* Frameworks */ = {
			isa = PBXFrameworksBuildPhase;
			buildActionMask = 2147483647;
			files = (
			);
			runOnlyForDeploymentPostprocessing = 0;
		};
/* End PBXFrameworksBuildPhase section */

/* Begin PBXGroup section */
		62A7AD0A1C02C72B0091C2E4 = {
			isa = PBXGroup;
			children = (
				62D446641C03068700652A2D /* frameworks */,
				62A7AD151C02C72B0091C2E4 /* ExampleForYMCodeStandard */,
				62A7AD2F1C02C72B0091C2E4 /* ExampleForYMCodeStandardTests */,
				62A7AD141C02C72B0091C2E4 /* Products */,
			);
			sourceTree = "<group>";
		};
		62A7AD141C02C72B0091C2E4 /* Products */ = {
			isa = PBXGroup;
			children = (
				62A7AD131C02C72B0091C2E4 /* ExampleForYMCodeStandard.app */,
				62A7AD2C1C02C72B0091C2E4 /* ExampleForYMCodeStandardTests.xctest */,
			);
			name = Products;
			sourceTree = "<group>";
		};
		62A7AD151C02C72B0091C2E4 /* ExampleForYMCodeStandard */ = {
			isa = PBXGroup;
			children = (
				62D4467D1C03086D00652A2D /* YMFramework */,
				62A7AD191C02C72B0091C2E4 /* AppDelegate.h */,
				62A7AD1A1C02C72B0091C2E4 /* AppDelegate.m */,
				62A7AD1C1C02C72B0091C2E4 /* ViewController.h */,
				62A7AD1D1C02C72B0091C2E4 /* ViewController.m */,
				62A7AD1F1C02C72B0091C2E4 /* Main.storyboard */,
				62A7AD221C02C72B0091C2E4 /* Assets.xcassets */,
				62A7AD241C02C72B0091C2E4 /* LaunchScreen.storyboard */,
				62A7AD271C02C72B0091C2E4 /* Info.plist */,
				62A7AD161C02C72B0091C2E4 /* Supporting Files */,
			);
			path = ExampleForYMCodeStandard;
			sourceTree = "<group>";
		};
		62A7AD161C02C72B0091C2E4 /* Supporting Files */ = {
			isa = PBXGroup;
			children = (
				62A7AD171C02C72B0091C2E4 /* main.m */,
			);
			name = "Supporting Files";
			sourceTree = "<group>";
		};
		62A7AD2F1C02C72B0091C2E4 /* ExampleForYMCodeStandardTests */ = {
			isa = PBXGroup;
			children = (
				62A7AD301C02C72B0091C2E4 /* ExampleForYMCodeStandardTests.m */,
				62A7AD321C02C72B0091C2E4 /* Info.plist */,
			);
			path = ExampleForYMCodeStandardTests;
			sourceTree = "<group>";
		};
		62D446641C03068700652A2D /* frameworks */ = {
			isa = PBXGroup;
			children = (
				62D4467B1C03077F00652A2D /* libsqlite3.tbd */,
				62D446791C03076D00652A2D /* libstdc++.tbd */,
				62D446771C03076000652A2D /* libicucore.tbd */,
				62D446751C03075100652A2D /* CoreLocation.framework */,
				62D446731C03074200652A2D /* AVFoundation.framework */,
				62D446711C03073A00652A2D /* ImageIO.framework */,
				62D4466F1C03073400652A2D /* QuartzCore.framework */,
				62D4466D1C0306E000652A2D /* libz.tbd */,
				62D4466B1C0306B800652A2D /* Security.framework */,
				62D446691C0306A400652A2D /* CoreGraphics.framework */,
				62D446671C03069C00652A2D /* SystemConfiguration.framework */,
				62D446651C03069500652A2D /* CoreTelephony.framework */,
				62D446621C03067400652A2D /* CoreFoundation.framework */,
				62D446601C03066E00652A2D /* CFNetwork.framework */,
			);
			name = frameworks;
			sourceTree = "<group>";
		};
		62D4467D1C03086D00652A2D /* YMFramework */ = {
			isa = PBXGroup;
			children = (
				62D4468D1C03087F00652A2D /* YMFramework.xcodeproj */,
				62D4467E1C03086D00652A2D /* PushConfig.plist */,
				62D4467F1C03086D00652A2D /* ShareSDK */,
			);
			path = YMFramework;
			sourceTree = "<group>";
		};
		62D4467F1C03086D00652A2D /* ShareSDK */ = {
			isa = PBXGroup;
			children = (
				62D446801C03086D00652A2D /* extends */,
				62D446831C03086D00652A2D /* MOBFoundation.framework */,
				62D446841C03086D00652A2D /* ShareSDK.bundle */,
				62D446851C03086D00652A2D /* ShareSDK.framework */,
				62D446861C03086D00652A2D /* ShareSDKConnector.framework */,
			);
			path = ShareSDK;
			sourceTree = "<group>";
		};
		62D446801C03086D00652A2D /* extends */ = {
			isa = PBXGroup;
			children = (
				62D446811C03086D00652A2D /* QQSDK */,
			);
			path = extends;
			sourceTree = "<group>";
		};
		62D446811C03086D00652A2D /* QQSDK */ = {
			isa = PBXGroup;
			children = (
				62D446821C03086D00652A2D /* TencentOpenAPI.framework */,
			);
			path = QQSDK;
			sourceTree = "<group>";
		};
		62D4468E1C03087F00652A2D /* Products */ = {
			isa = PBXGroup;
			children = (
				62D446941C03087F00652A2D /* YMFramework.framework */,
				62D446961C03087F00652A2D /* YMFrameworkTests.xctest */,
			);
			name = Products;
			sourceTree = "<group>";
		};
/* End PBXGroup section */

/* Begin PBXNativeTarget section */
		62A7AD121C02C72B0091C2E4 /* ExampleForYMCodeStandard */ = {
			isa = PBXNativeTarget;
			buildConfigurationList = 62A7AD351C02C72B0091C2E4 /* Build configuration list for PBXNativeTarget "ExampleForYMCodeStandard" */;
			buildPhases = (
				62A7AD0F1C02C72B0091C2E4 /* Sources */,
				62A7AD101C02C72B0091C2E4 /* Frameworks */,
				62A7AD111C02C72B0091C2E4 /* Resources */,
			);
			buildRules = (
			);
			dependencies = (
			);
			name = ExampleForYMCodeStandard;
			productName = ExampleForYMCodeStandard;
			productReference = 62A7AD131C02C72B0091C2E4 /* ExampleForYMCodeStandard.app */;
			productType = "com.apple.product-type.application";
		};
		62A7AD2B1C02C72B0091C2E4 /* ExampleForYMCodeStandardTests */ = {
			isa = PBXNativeTarget;
			buildConfigurationList = 62A7AD381C02C72B0091C2E4 /* Build configuration list for PBXNativeTarget "ExampleForYMCodeStandardTests" */;
			buildPhases = (
				62A7AD281C02C72B0091C2E4 /* Sources */,
				62A7AD291C02C72B0091C2E4 /* Frameworks */,
				62A7AD2A1C02C72B0091C2E4 /* Resources */,
			);
			buildRules = (
			);
			dependencies = (
				62A7AD2E1C02C72B0091C2E4 /* PBXTargetDependency */,
			);
			name = ExampleForYMCodeStandardTests;
			productName = ExampleForYMCodeStandardTests;
			productReference = 62A7AD2C1C02C72B0091C2E4 /* ExampleForYMCodeStandardTests.xctest */;
			productType = "com.apple.product-type.bundle.unit-test";
		};
/* End PBXNativeTarget section */

/* Begin PBXProject section */
		62A7AD0B1C02C72B0091C2E4 /* Project object */ = {
			isa = PBXProject;
			attributes = {
				LastUpgradeCheck = 0710;
				TargetAttributes = {
					62A7AD121C02C72B0091C2E4 = {
						CreatedOnToolsVersion = 7.1;
					};
					62A7AD2B1C02C72B0091C2E4 = {
						CreatedOnToolsVersion = 7.1;
						TestTargetID = 62A7AD121C02C72B0091C2E4;
					};
				};
			};
			buildConfigurationList = 62A7AD0E1C02C72B0091C2E4 /* Build configuration list for PBXProject "ExampleForYMCodeStandard" */;
			compatibilityVersion = "Xcode 3.2";
			developmentRegion = English;
			hasScannedForEncodings = 0;
			knownRegions = (
				en,
				Base,
			);
			mainGroup = 62A7AD0A1C02C72B0091C2E4;
			productRefGroup = 62A7AD141C02C72B0091C2E4 /* Products */;
			projectDirPath = "";
			projectReferences = (
				{
					ProductGroup = 62D4468E1C03087F00652A2D /* Products */;
					ProjectRef = 62D4468D1C03087F00652A2D /* YMFramework.xcodeproj */;
				},
			);
			projectRoot = "";
			targets = (
				62A7AD121C02C72B0091C2E4 /* ExampleForYMCodeStandard */,
				62A7AD2B1C02C72B0091C2E4 /* ExampleForYMCodeStandardTests */,
			);
		};
/* End PBXProject section */

/* Begin PBXReferenceProxy section */
		62D446941C03087F00652A2D /* YMFramework.framework */ = {
			isa = PBXReferenceProxy;
			fileType = wrapper.framework;
			path = YMFramework.framework;
			remoteRef = 62D446931C03087F00652A2D /* PBXContainerItemProxy */;
			sourceTree = BUILT_PRODUCTS_DIR;
		};
		62D446961C03087F00652A2D /* YMFrameworkTests.xctest */ = {
			isa = PBXReferenceProxy;
			fileType = wrapper.cfbundle;
			path = YMFrameworkTests.xctest;
			remoteRef = 62D446951C03087F00652A2D /* PBXContainerItemProxy */;
			sourceTree = BUILT_PRODUCTS_DIR;
		};
/* End PBXReferenceProxy section */

/* Begin PBXResourcesBuildPhase section */
		62A7AD111C02C72B0091C2E4 /* Resources */ = {
			isa = PBXResourcesBuildPhase;
			buildActionMask = 2147483647;
			files = (
				62D446871C03086D00652A2D /* PushConfig.plist in Resources */,
				62D4468A1C03086D00652A2D /* ShareSDK.bundle in Resources */,
				62A7AD261C02C72B0091C2E4 /* LaunchScreen.storyboard in Resources */,
				62A7AD231C02C72B0091C2E4 /* Assets.xcassets in Resources */,
				62A7AD211C02C72B0091C2E4 /* Main.storyboard in Resources */,
			);
			runOnlyForDeploymentPostprocessing = 0;
		};
		62A7AD2A1C02C72B0091C2E4 /* Resources */ = {
			isa = PBXResourcesBuildPhase;
			buildActionMask = 2147483647;
			files = (
			);
			runOnlyForDeploymentPostprocessing = 0;
		};
/* End PBXResourcesBuildPhase section */

/* Begin PBXSourcesBuildPhase section */
		62A7AD0F1C02C72B0091C2E4 /* Sources */ = {
			isa = PBXSourcesBuildPhase;
			buildActionMask = 2147483647;
			files = (
				62A7AD1E1C02C72B0091C2E4 /* ViewController.m in Sources */,
				62A7AD1B1C02C72B0091C2E4 /* AppDelegate.m in Sources */,
				62A7AD181C02C72B0091C2E4 /* main.m in Sources */,
			);
			runOnlyForDeploymentPostprocessing = 0;
		};
		62A7AD281C02C72B0091C2E4 /* Sources */ = {
			isa = PBXSourcesBuildPhase;
			buildActionMask = 2147483647;
			files = (
				62A7AD311C02C72B0091C2E4 /* ExampleForYMCodeStandardTests.m in Sources */,
			);
			runOnlyForDeploymentPostprocessing = 0;
		};
/* End PBXSourcesBuildPhase section */

/* Begin PBXTargetDependency section */
		62A7AD2E1C02C72B0091C2E4 /* PBXTargetDependency */ = {
			isa = PBXTargetDependency;
			target = 62A7AD121C02C72B0091C2E4 /* ExampleForYMCodeStandard */;
			targetProxy = 62A7AD2D1C02C72B0091C2E4 /* PBXContainerItemProxy */;
		};
/* End PBXTargetDependency section */

/* Begin PBXVariantGroup section */
		62A7AD1F1C02C72B0091C2E4 /* Main.storyboard */ = {
			isa = PBXVariantGroup;
			children = (
				62A7AD201C02C72B0091C2E4 /* Base */,
			);
			name = Main.storyboard;
			sourceTree = "<group>";
		};
		62A7AD241C02C72B0091C2E4 /* LaunchScreen.storyboard */ = {
			isa = PBXVariantGroup;
			children = (
				62A7AD251C02C72B0091C2E4 /* Base */,
			);
			name = LaunchScreen.storyboard;
			sourceTree = "<group>";
		};
/* End PBXVariantGroup section */

/* Begin XCBuildConfiguration section */
		62A7AD331C02C72B0091C2E4 /* Debug */ = {
			isa = XCBuildConfiguration;
			buildSettings = {
				ALWAYS_SEARCH_USER_PATHS = NO;
				CLANG_CXX_LANGUAGE_STANDARD = "gnu++0x";
				CLANG_CXX_LIBRARY = "libc++";
				CLANG_ENABLE_MODULES = YES;
				CLANG_ENABLE_OBJC_ARC = YES;
				CLANG_WARN_BOOL_CONVERSION = YES;
				CLANG_WARN_CONSTANT_CONVERSION = YES;
				CLANG_WARN_DIRECT_OBJC_ISA_USAGE = YES_ERROR;
				CLANG_WARN_EMPTY_BODY = YES;
				CLANG_WARN_ENUM_CONVERSION = YES;
				CLANG_WARN_INT_CONVERSION = YES;
				CLANG_WARN_OBJC_ROOT_CLASS = YES_ERROR;
				CLANG_WARN_UNREACHABLE_CODE = YES;
				CLANG_WARN__DUPLICATE_METHOD_MATCH = YES;
				"CODE_SIGN_IDENTITY[sdk=iphoneos*]" = "iPhone Developer";
				COPY_PHASE_STRIP = NO;
				DEBUG_INFORMATION_FORMAT = dwarf;
				ENABLE_BITCODE = NO;
				ENABLE_STRICT_OBJC_MSGSEND = YES;
				ENABLE_TESTABILITY = YES;
				GCC_C_LANGUAGE_STANDARD = gnu99;
				GCC_DYNAMIC_NO_PIC = NO;
				GCC_NO_COMMON_BLOCKS = YES;
				GCC_OPTIMIZATION_LEVEL = 0;
				GCC_PREPROCESSOR_DEFINITIONS = (
					"DEBUG=1",
					"$(inherited)",
				);
				GCC_WARN_64_TO_32_BIT_CONVERSION = YES;
				GCC_WARN_ABOUT_RETURN_TYPE = YES_ERROR;
				GCC_WARN_UNDECLARED_SELECTOR = YES;
				GCC_WARN_UNINITIALIZED_AUTOS = YES_AGGRESSIVE;
				GCC_WARN_UNUSED_FUNCTION = YES;
				GCC_WARN_UNUSED_VARIABLE = YES;
				IPHONEOS_DEPLOYMENT_TARGET = 7.0;
				MTL_ENABLE_DEBUG_INFO = YES;
				ONLY_ACTIVE_ARCH = YES;
				SDKROOT = iphoneos;
			};
			name = Debug;
		};
		62A7AD341C02C72B0091C2E4 /* Release */ = {
			isa = XCBuildConfiguration;
			buildSettings = {
				ALWAYS_SEARCH_USER_PATHS = NO;
				CLANG_CXX_LANGUAGE_STANDARD = "gnu++0x";
				CLANG_CXX_LIBRARY = "libc++";
				CLANG_ENABLE_MODULES = YES;
				CLANG_ENABLE_OBJC_ARC = YES;
				CLANG_WARN_BOOL_CONVERSION = YES;
				CLANG_WARN_CONSTANT_CONVERSION = YES;
				CLANG_WARN_DIRECT_OBJC_ISA_USAGE = YES_ERROR;
				CLANG_WARN_EMPTY_BODY = YES;
				CLANG_WARN_ENUM_CONVERSION = YES;
				CLANG_WARN_INT_CONVERSION = YES;
				CLANG_WARN_OBJC_ROOT_CLASS = YES_ERROR;
				CLANG_WARN_UNREACHABLE_CODE = YES;
				CLANG_WARN__DUPLICATE_METHOD_MATCH = YES;
				"CODE_SIGN_IDENTITY[sdk=iphoneos*]" = "iPhone Developer";
				COPY_PHASE_STRIP = NO;
				DEBUG_INFORMATION_FORMAT = "dwarf-with-dsym";
				ENABLE_BITCODE = NO;
				ENABLE_NS_ASSERTIONS = NO;
				ENABLE_STRICT_OBJC_MSGSEND = YES;
				GCC_C_LANGUAGE_STANDARD = gnu99;
				GCC_NO_COMMON_BLOCKS = YES;
				GCC_WARN_64_TO_32_BIT_CONVERSION = YES;
				GCC_WARN_ABOUT_RETURN_TYPE = YES_ERROR;
				GCC_WARN_UNDECLARED_SELECTOR = YES;
				GCC_WARN_UNINITIALIZED_AUTOS = YES_AGGRESSIVE;
				GCC_WARN_UNUSED_FUNCTION = YES;
				GCC_WARN_UNUSED_VARIABLE = YES;
				IPHONEOS_DEPLOYMENT_TARGET = 7.0;
				MTL_ENABLE_DEBUG_INFO = NO;
				SDKROOT = iphoneos;
				VALIDATE_PRODUCT = YES;
			};
			name = Release;
		};
		62A7AD361C02C72B0091C2E4 /* Debug */ = {
			isa = XCBuildConfiguration;
			buildSettings = {
				ASSETCATALOG_COMPILER_APPICON_NAME = AppIcon;
				ENABLE_BITCODE = NO;
				FRAMEWORK_SEARCH_PATHS = (
					"$(inherited)",
					"$(PROJECT_DIR)/ExampleForYMCodeStandard/YMFramework/ShareSDK/extends/QQSDK",
					"$(PROJECT_DIR)/ExampleForYMCodeStandard/YMFramework/ShareSDK",
				);
				GCC_PREPROCESSOR_DEFINITIONS = (
					"SD_WEBP=1",
					"DEBUG=1",
				);
				INFOPLIST_FILE = ExampleForYMCodeStandard/Info.plist;
				IPHONEOS_DEPLOYMENT_TARGET = 7.0;
				LD_RUNPATH_SEARCH_PATHS = "$(inherited) @executable_path/Frameworks";
				OTHER_LDFLAGS = "-all_load";
				PRODUCT_BUNDLE_IDENTIFIER = com.yumi.example.YMCodeStandard.ExampleForYMCodeStandard;
				PRODUCT_NAME = "$(TARGET_NAME)";
			};
			name = Debug;
		};
		62A7AD371C02C72B0091C2E4 /* Release */ = {
			isa = XCBuildConfiguration;
			buildSettings = {
				ASSETCATALOG_COMPILER_APPICON_NAME = AppIcon;
				ENABLE_BITCODE = NO;
				FRAMEWORK_SEARCH_PATHS = (
					"$(inherited)",
					"$(PROJECT_DIR)/ExampleForYMCodeStandard/YMFramework/ShareSDK/extends/QQSDK",
					"$(PROJECT_DIR)/ExampleForYMCodeStandard/YMFramework/ShareSDK",
				);
				GCC_PREPROCESSOR_DEFINITIONS = "SD_WEBP=1";
				INFOPLIST_FILE = ExampleForYMCodeStandard/Info.plist;
				IPHONEOS_DEPLOYMENT_TARGET = 7.0;
				LD_RUNPATH_SEARCH_PATHS = "$(inherited) @executable_path/Frameworks";
				OTHER_LDFLAGS = "-all_load";
				PRODUCT_BUNDLE_IDENTIFIER = com.yumi.example.YMCodeStandard.ExampleForYMCodeStandard;
				PRODUCT_NAME = "$(TARGET_NAME)";
			};
			name = Release;
		};
		62A7AD391C02C72B0091C2E4 /* Debug */ = {
			isa = XCBuildConfiguration;
			buildSettings = {
				BUNDLE_LOADER = "$(TEST_HOST)";
				INFOPLIST_FILE = ExampleForYMCodeStandardTests/Info.plist;
				LD_RUNPATH_SEARCH_PATHS = "$(inherited) @executable_path/Frameworks @loader_path/Frameworks";
				PRODUCT_BUNDLE_IDENTIFIER = com.yumi.example.YMCodeStandard.ExampleForYMCodeStandardTests;
				PRODUCT_NAME = "$(TARGET_NAME)";
				TEST_HOST = "$(BUILT_PRODUCTS_DIR)/ExampleForYMCodeStandard.app/ExampleForYMCodeStandard";
			};
			name = Debug;
		};
		62A7AD3A1C02C72B0091C2E4 /* Release */ = {
			isa = XCBuildConfiguration;
			buildSettings = {
				BUNDLE_LOADER = "$(TEST_HOST)";
				INFOPLIST_FILE = ExampleForYMCodeStandardTests/Info.plist;
				LD_RUNPATH_SEARCH_PATHS = "$(inherited) @executable_path/Frameworks @loader_path/Frameworks";
				PRODUCT_BUNDLE_IDENTIFIER = com.yumi.example.YMCodeStandard.ExampleForYMCodeStandardTests;
				PRODUCT_NAME = "$(TARGET_NAME)";
				TEST_HOST = "$(BUILT_PRODUCTS_DIR)/ExampleForYMCodeStandard.app/ExampleForYMCodeStandard";
			};
			name = Release;
		};
/* End XCBuildConfiguration section */

/* Begin XCConfigurationList section */
		62A7AD0E1C02C72B0091C2E4 /* Build configuration list for PBXProject "ExampleForYMCodeStandard" */ = {
			isa = XCConfigurationList;
			buildConfigurations = (
				62A7AD331C02C72B0091C2E4 /* Debug */,
				62A7AD341C02C72B0091C2E4 /* Release */,
			);
			defaultConfigurationIsVisible = 0;
			defaultConfigurationName = Release;
		};
		62A7AD351C02C72B0091C2E4 /* Build configuration list for PBXNativeTarget "ExampleForYMCodeStandard" */ = {
			isa = XCConfigurationList;
			buildConfigurations = (
				62A7AD361C02C72B0091C2E4 /* Debug */,
				62A7AD371C02C72B0091C2E4 /* Release */,
			);
			defaultConfigurationIsVisible = 0;
			defaultConfigurationName = Release;
		};
		62A7AD381C02C72B0091C2E4 /* Build configuration list for PBXNativeTarget "ExampleForYMCodeStandardTests" */ = {
			isa = XCConfigurationList;
			buildConfigurations = (
				62A7AD391C02C72B0091C2E4 /* Debug */,
				62A7AD3A1C02C72B0091C2E4 /* Release */,
			);
			defaultConfigurationIsVisible = 0;
			defaultConfigurationName = Release;
		};
/* End XCConfigurationList section */
	};
	rootObject = 62A7AD0B1C02C72B0091C2E4 /* Project object */;
}
